
Microsoft Visual Studio Solution File, Format Version 12.00
# Visual Studio Version 16
VisualStudioVersion = 16.0.29230.47
MinimumVisualStudioVersion = 10.0.40219.1
Project("{FAE04EC0-301F-11D3-BF4B-00C04F79EFBC}") = "ToolTroll", "ToolTroll\ToolTroll.csproj", "{0005702C-D9CD-43C1-A005-F582AF52333F}"
EndProject
Global
	GlobalSection(SolutionConfigurationPlatforms) = preSolution
		Debug|Any CPU = Debug|Any CPU
		Release|Any CPU = Release|Any CPU
	EndGlobalSection
	GlobalSection(ProjectConfigurationPlatforms) = postSolution
		{0005702C-D9CD-43C1-A005-F582AF52333F}.Debug|Any CPU.ActiveCfg = Debug|Any CPU
		{0005702C-D9CD-43C1-A005-F582AF52333F}.Debug|Any CPU.Build.0 = Debug|Any CPU
		{0005702C-D9CD-43C1-A005-F582AF52333F}.Release|Any CPU.ActiveCfg = Release|Any CPU
		{0005702C-D9CD-43C1-A005-F582AF52333F}.Release|Any CPU.Build.0 = Release|Any CPU
	EndGlobalSection
	GlobalSection(SolutionProperties) = preSolution
		HideSolutionNode = FALSE
	EndGlobalSection
	GlobalSection(ExtensibilityGlobals) = postSolution
		SolutionGuid = {7A8F16A6-3A0C-4FFF-93C1-50A5E287A244}
	EndGlobalSection
EndGlobal
